
Microsoft Visual Studio Solution File, Format Version 12.00
# Visual Studio Version 17
VisualStudioVersion = 17.14.36401.2 d17.14
MinimumVisualStudioVersion = 10.0.40219.1
Project("{FAE04EC0-301F-11D3-BF4B-00C04F79EFBC}") = "WorkAround", "WorkAround\WorkAround.csproj", "{25937609-CF41-4094-B463-883032BCC730}"
EndProject
Project("{FAE04EC0-301F-11D3-BF4B-00C04F79EFBC}") = "Entities", "Entities\Entities.csproj", "{6C752B11-7D2A-4754-95DE-16A5A1030DB3}"
EndProject
Project("{FAE04EC0-301F-11D3-BF4B-00C04F79EFBC}") = "Business", "Business\Business.csproj", "{8EAD71D2-FCFA-40BC-8DBE-ACC07CC212A8}"
EndProject
Global
	GlobalSection(SolutionConfigurationPlatforms) = preSolution
		Debug|Any CPU = Debug|Any CPU
		Release|Any CPU = Release|Any CPU
	EndGlobalSection
	GlobalSection(ProjectConfigurationPlatforms) = postSolution
		{25937609-CF41-4094-B463-883032BCC730}.Debug|Any CPU.ActiveCfg = Debug|Any CPU
		{25937609-CF41-4094-B463-883032BCC730}.Debug|Any CPU.Build.0 = Debug|Any CPU
		{25937609-CF41-4094-B463-883032BCC730}.Release|Any CPU.ActiveCfg = Release|Any CPU
		{25937609-CF41-4094-B463-883032BCC730}.Release|Any CPU.Build.0 = Release|Any CPU
		{6C752B11-7D2A-4754-95DE-16A5A1030DB3}.Debug|Any CPU.ActiveCfg = Debug|Any CPU
		{6C752B11-7D2A-4754-95DE-16A5A1030DB3}.Debug|Any CPU.Build.0 = Debug|Any CPU
		{6C752B11-7D2A-4754-95DE-16A5A1030DB3}.Release|Any CPU.ActiveCfg = Release|Any CPU
		{6C752B11-7D2A-4754-95DE-16A5A1030DB3}.Release|Any CPU.Build.0 = Release|Any CPU
		{8EAD71D2-FCFA-40BC-8DBE-ACC07CC212A8}.Debug|Any CPU.ActiveCfg = Debug|Any CPU
		{8EAD71D2-FCFA-40BC-8DBE-ACC07CC212A8}.Debug|Any CPU.Build.0 = Debug|Any CPU
		{8EAD71D2-FCFA-40BC-8DBE-ACC07CC212A8}.Release|Any CPU.ActiveCfg = Release|Any CPU
		{8EAD71D2-FCFA-40BC-8DBE-ACC07CC212A8}.Release|Any CPU.Build.0 = Release|Any CPU
	EndGlobalSection
	GlobalSection(SolutionProperties) = preSolution
		HideSolutionNode = FALSE
	EndGlobalSection
	GlobalSection(ExtensibilityGlobals) = postSolution
		SolutionGuid = {E1E20F85-B2D3-4515-91F5-AEA6323BC32D}
	EndGlobalSection
EndGlobal
